
Microsoft Visual Studio Solution File, Format Version 12.00
# Visual Studio 2013
VisualStudioVersion = 12.0.31101.0
MinimumVisualStudioVersion = 10.0.40219.1
Project("{8BC9CEB8-8B4A-11D0-8D11-00A0C91BC942}") = "21-12-21", "21-12-21\21-12-21.vcxproj", "{34D6ADFB-4A7F-4A4E-A0A8-3AF751F4F82C}"
EndProject
Global
	GlobalSection(SolutionConfigurationPlatforms) = preSolution
		Debug|Win32 = Debug|Win32
		Release|Win32 = Release|Win32
	EndGlobalSection
	GlobalSection(ProjectConfigurationPlatforms) = postSolution
		{34D6ADFB-4A7F-4A4E-A0A8-3AF751F4F82C}.Debug|Win32.ActiveCfg = Debug|Win32
		{34D6ADFB-4A7F-4A4E-A0A8-3AF751F4F82C}.Debug|Win32.Build.0 = Debug|Win32
		{34D6ADFB-4A7F-4A4E-A0A8-3AF751F4F82C}.Release|Win32.ActiveCfg = Release|Win32
		{34D6ADFB-4A7F-4A4E-A0A8-3AF751F4F82C}.Release|Win32.Build.0 = Release|Win32
	EndGlobalSection
	GlobalSection(SolutionProperties) = preSolution
		HideSolutionNode = FALSE
	EndGlobalSection
EndGlobal
